// !$*UTF8*$!
{
	archiveVersion = 1;
	classes = {
	};
	objectVersion = 56;
	objects = {

/* Begin PBXBuildFile section */
		2334B9492A85042600A99A05 /* AppDelegate.swift in Sources */ = {isa = PBXBuildFile; fileRef = 2334B9482A85042600A99A05 /* AppDelegate.swift */; };
		2334B94B2A85042600A99A05 /* SceneDelegate.swift in Sources */ = {isa = PBXBuildFile; fileRef = 2334B94A2A85042600A99A05 /* SceneDelegate.swift */; };
		2334B94D2A85042600A99A05 /* ViewController.swift in Sources */ = {isa = PBXBuildFile; fileRef = 2334B94C2A85042600A99A05 /* ViewController.swift */; };
		2334B9522A85042700A99A05 /* Assets.xcassets in Resources */ = {isa = PBXBuildFile; fileRef = 2334B9512A85042700A99A05 /* Assets.xcassets */; };
		2334B9552A85042700A99A05 /* LaunchScreen.storyboard in Resources */ = {isa = PBXBuildFile; fileRef = 2334B9532A85042700A99A05 /* LaunchScreen.storyboard */; };
		2334B96C2A863DB400A99A05 /* FirstCollectionViewCell.swift in Sources */ = {isa = PBXBuildFile; fileRef = 2334B96A2A863DB400A99A05 /* FirstCollectionViewCell.swift */; };
		2334B96D2A863DB400A99A05 /* FirstCollectionViewCell.xib in Resources */ = {isa = PBXBuildFile; fileRef = 2334B96B2A863DB400A99A05 /* FirstCollectionViewCell.xib */; };
		2334B9702A8641E600A99A05 /* TableViewCell.swift in Sources */ = {isa = PBXBuildFile; fileRef = 2334B96E2A8641E600A99A05 /* TableViewCell.swift */; };
		2334B9712A8641E600A99A05 /* TableViewCell.xib in Resources */ = {isa = PBXBuildFile; fileRef = 2334B96F2A8641E600A99A05 /* TableViewCell.xib */; };
		2334B9742A86440B00A99A05 /* FirstMusic.swift in Sources */ = {isa = PBXBuildFile; fileRef = 2334B9732A86440B00A99A05 /* FirstMusic.swift */; };
		2334B9792A865E4C00A99A05 /* SecondTableViewCell.swift in Sources */ = {isa = PBXBuildFile; fileRef = 2334B9772A865E4C00A99A05 /* SecondTableViewCell.swift */; };
		2334B97A2A865E4C00A99A05 /* SecondTableViewCell.xib in Resources */ = {isa = PBXBuildFile; fileRef = 2334B9782A865E4C00A99A05 /* SecondTableViewCell.xib */; };
		2334B97D2A865E6200A99A05 /* SecondCollectionViewCell.swift in Sources */ = {isa = PBXBuildFile; fileRef = 2334B97B2A865E6200A99A05 /* SecondCollectionViewCell.swift */; };
		2334B97E2A865E6200A99A05 /* SecondCollectionViewCell.xib in Resources */ = {isa = PBXBuildFile; fileRef = 2334B97C2A865E6200A99A05 /* SecondCollectionViewCell.xib */; };
		2334B9802A86665400A99A05 /* Music.swift in Sources */ = {isa = PBXBuildFile; fileRef = 2334B97F2A86665400A99A05 /* Music.swift */; };
		2334B9842A867C0900A99A05 /* ThirdCollectionViewCell.swift in Sources */ = {isa = PBXBuildFile; fileRef = 2334B9822A867C0900A99A05 /* ThirdCollectionViewCell.swift */; };
		2334B9852A867C0900A99A05 /* ThirdCollectionViewCell.xib in Resources */ = {isa = PBXBuildFile; fileRef = 2334B9832A867C0900A99A05 /* ThirdCollectionViewCell.xib */; };
		2334B9882A867C3000A99A05 /* ThirdTableViewCell.swift in Sources */ = {isa = PBXBuildFile; fileRef = 2334B9862A867C3000A99A05 /* ThirdTableViewCell.swift */; };
		2334B9892A867C3000A99A05 /* ThirdTableViewCell.xib in Resources */ = {isa = PBXBuildFile; fileRef = 2334B9872A867C3000A99A05 /* ThirdTableViewCell.xib */; };
		2334B98D2A86C4CD00A99A05 /* FourthTableViewCell.swift in Sources */ = {isa = PBXBuildFile; fileRef = 2334B98B2A86C4CD00A99A05 /* FourthTableViewCell.swift */; };
		2334B98E2A86C4CD00A99A05 /* FourthTableViewCell.xib in Resources */ = {isa = PBXBuildFile; fileRef = 2334B98C2A86C4CD00A99A05 /* FourthTableViewCell.xib */; };
		2334B9912A86C4E400A99A05 /* FourthCollectionViewCell.swift in Sources */ = {isa = PBXBuildFile; fileRef = 2334B98F2A86C4E400A99A05 /* FourthCollectionViewCell.swift */; };
		2334B9922A86C4E400A99A05 /* FourthCollectionViewCell.xib in Resources */ = {isa = PBXBuildFile; fileRef = 2334B9902A86C4E400A99A05 /* FourthCollectionViewCell.xib */; };
		2334B9A12A87BEEE00A99A05 /* Main.storyboard in Resources */ = {isa = PBXBuildFile; fileRef = 2334B9A02A87BEEE00A99A05 /* Main.storyboard */; };
		23A12B8D2A87FE2100C6111D /* FifthTableViewCell.swift in Sources */ = {isa = PBXBuildFile; fileRef = 23A12B8B2A87FE2100C6111D /* FifthTableViewCell.swift */; };
		23A12B8E2A87FE2100C6111D /* FifthTableViewCell.xib in Resources */ = {isa = PBXBuildFile; fileRef = 23A12B8C2A87FE2100C6111D /* FifthTableViewCell.xib */; };
		23A12B912A87FE3800C6111D /* FifthCollectionViewCell.swift in Sources */ = {isa = PBXBuildFile; fileRef = 23A12B8F2A87FE3800C6111D /* FifthCollectionViewCell.swift */; };
		23A12B922A87FE3800C6111D /* FifthCollectionViewCell.xib in Resources */ = {isa = PBXBuildFile; fileRef = 23A12B902A87FE3800C6111D /* FifthCollectionViewCell.xib */; };
/* End PBXBuildFile section */

/* Begin PBXFileReference section */
		2334B9452A85042600A99A05 /* AppleMusicDesing.app */ = {isa = PBXFileReference; explicitFileType = wrapper.application; includeInIndex = 0; path = AppleMusicDesing.app; sourceTree = BUILT_PRODUCTS_DIR; };
		2334B9482A85042600A99A05 /* AppDelegate.swift */ = {isa = PBXFileReference; lastKnownFileType = sourcecode.swift; path = AppDelegate.swift; sourceTree = "<group>"; };
		2334B94A2A85042600A99A05 /* SceneDelegate.swift */ = {isa = PBXFileReference; lastKnownFileType = sourcecode.swift; path = SceneDelegate.swift; sourceTree = "<group>"; };
		2334B94C2A85042600A99A05 /* ViewController.swift */ = {isa = PBXFileReference; lastKnownFileType = sourcecode.swift; path = ViewController.swift; sourceTree = "<group>"; };
		2334B9512A85042700A99A05 /* Assets.xcassets */ = {isa = PBXFileReference; lastKnownFileType = folder.assetcatalog; path = Assets.xcassets; sourceTree = "<group>"; };
		2334B9542A85042700A99A05 /* Base */ = {isa = PBXFileReference; lastKnownFileType = file.storyboard; name = Base; path = Base.lproj/LaunchScreen.storyboard; sourceTree = "<group>"; };
		2334B9562A85042700A99A05 /* Info.plist */ = {isa = PBXFileReference; lastKnownFileType = text.plist.xml; path = Info.plist; sourceTree = "<group>"; };
		2334B96A2A863DB400A99A05 /* FirstCollectionViewCell.swift */ = {isa = PBXFileReference; lastKnownFileType = sourcecode.swift; path = FirstCollectionViewCell.swift; sourceTree = "<group>"; };
		2334B96B2A863DB400A99A05 /* FirstCollectionViewCell.xib */ = {isa = PBXFileReference; lastKnownFileType = file.xib; path = FirstCollectionViewCell.xib; sourceTree = "<group>"; };
		2334B96E2A8641E600A99A05 /* TableViewCell.swift */ = {isa = PBXFileReference; lastKnownFileType = sourcecode.swift; path = TableViewCell.swift; sourceTree = "<group>"; };
		2334B96F2A8641E600A99A05 /* TableViewCell.xib */ = {isa = PBXFileReference; lastKnownFileType = file.xib; path = TableViewCell.xib; sourceTree = "<group>"; };
		2334B9732A86440B00A99A05 /* FirstMusic.swift */ = {isa = PBXFileReference; lastKnownFileType = sourcecode.swift; path = FirstMusic.swift; sourceTree = "<group>"; };
		2334B9772A865E4C00A99A05 /* SecondTableViewCell.swift */ = {isa = PBXFileReference; lastKnownFileType = sourcecode.swift; path = SecondTableViewCell.swift; sourceTree = "<group>"; };
		2334B9782A865E4C00A99A05 /* SecondTableViewCell.xib */ = {isa = PBXFileReference; lastKnownFileType = file.xib; path = SecondTableViewCell.xib; sourceTree = "<group>"; };
		2334B97B2A865E6200A99A05 /* SecondCollectionViewCell.swift */ = {isa = PBXFileReference; lastKnownFileType = sourcecode.swift; path = SecondCollectionViewCell.swift; sourceTree = "<group>"; };
		2334B97C2A865E6200A99A05 /* SecondCollectionViewCell.xib */ = {isa = PBXFileReference; lastKnownFileType = file.xib; path = SecondCollectionViewCell.xib; sourceTree = "<group>"; };
		2334B97F2A86665400A99A05 /* Music.swift */ = {isa = PBXFileReference; lastKnownFileType = sourcecode.swift; path = Music.swift; sourceTree = "<group>"; };
		2334B9822A867C0900A99A05 /* ThirdCollectionViewCell.swift */ = {isa = PBXFileReference; lastKnownFileType = sourcecode.swift; path = ThirdCollectionViewCell.swift; sourceTree = "<group>"; };
		2334B9832A867C0900A99A05 /* ThirdCollectionViewCell.xib */ = {isa = PBXFileReference; lastKnownFileType = file.xib; path = ThirdCollectionViewCell.xib; sourceTree = "<group>"; };
		2334B9862A867C3000A99A05 /* ThirdTableViewCell.swift */ = {isa = PBXFileReference; lastKnownFileType = sourcecode.swift; path = ThirdTableViewCell.swift; sourceTree = "<group>"; };
		2334B9872A867C3000A99A05 /* ThirdTableViewCell.xib */ = {isa = PBXFileReference; lastKnownFileType = file.xib; path = ThirdTableViewCell.xib; sourceTree = "<group>"; };
		2334B98B2A86C4CD00A99A05 /* FourthTableViewCell.swift */ = {isa = PBXFileReference; lastKnownFileType = sourcecode.swift; path = FourthTableViewCell.swift; sourceTree = "<group>"; };
		2334B98C2A86C4CD00A99A05 /* FourthTableViewCell.xib */ = {isa = PBXFileReference; lastKnownFileType = file.xib; path = FourthTableViewCell.xib; sourceTree = "<group>"; };
		2334B98F2A86C4E400A99A05 /* FourthCollectionViewCell.swift */ = {isa = PBXFileReference; lastKnownFileType = sourcecode.swift; path = FourthCollectionViewCell.swift; sourceTree = "<group>"; };
		2334B9902A86C4E400A99A05 /* FourthCollectionViewCell.xib */ = {isa = PBXFileReference; lastKnownFileType = file.xib; path = FourthCollectionViewCell.xib; sourceTree = "<group>"; };
		2334B9A02A87BEEE00A99A05 /* Main.storyboard */ = {isa = PBXFileReference; fileEncoding = 4; lastKnownFileType = file.storyboard; path = Main.storyboard; sourceTree = "<group>"; };
		23A12B8B2A87FE2100C6111D /* FifthTableViewCell.swift */ = {isa = PBXFileReference; lastKnownFileType = sourcecode.swift; path = FifthTableViewCell.swift; sourceTree = "<group>"; };
		23A12B8C2A87FE2100C6111D /* FifthTableViewCell.xib */ = {isa = PBXFileReference; lastKnownFileType = file.xib; path = FifthTableViewCell.xib; sourceTree = "<group>"; };
		23A12B8F2A87FE3800C6111D /* FifthCollectionViewCell.swift */ = {isa = PBXFileReference; lastKnownFileType = sourcecode.swift; path = FifthCollectionViewCell.swift; sourceTree = "<group>"; };
		23A12B902A87FE3800C6111D /* FifthCollectionViewCell.xib */ = {isa = PBXFileReference; lastKnownFileType = file.xib; path = FifthCollectionViewCell.xib; sourceTree = "<group>"; };
/* End PBXFileReference section */

/* Begin PBXFrameworksBuildPhase section */
		2334B9422A85042600A99A05 /* Frameworks */ = {
			isa = PBXFrameworksBuildPhase;
			buildActionMask = 2147483647;
			files = (
			);
			runOnlyForDeploymentPostprocessing = 0;
		};
/* End PBXFrameworksBuildPhase section */

/* Begin PBXGroup section */
		2334B93C2A85042600A99A05 = {
			isa = PBXGroup;
			children = (
				2334B9472A85042600A99A05 /* AppleMusicDesing */,
				2334B9462A85042600A99A05 /* Products */,
			);
			sourceTree = "<group>";
		};
		2334B9462A85042600A99A05 /* Products */ = {
			isa = PBXGroup;
			children = (
				2334B9452A85042600A99A05 /* AppleMusicDesing.app */,
			);
			name = Products;
			sourceTree = "<group>";
		};
		2334B9472A85042600A99A05 /* AppleMusicDesing */ = {
			isa = PBXGroup;
			children = (
				2334B9482A85042600A99A05 /* AppDelegate.swift */,
				2334B94A2A85042600A99A05 /* SceneDelegate.swift */,
				2334B94C2A85042600A99A05 /* ViewController.swift */,
				2334B9722A8643DB00A99A05 /* Entity */,
				2334B9692A863D6C00A99A05 /* CustomCell */,
				2334B9512A85042700A99A05 /* Assets.xcassets */,
				2334B9A02A87BEEE00A99A05 /* Main.storyboard */,
				2334B9532A85042700A99A05 /* LaunchScreen.storyboard */,
				2334B9562A85042700A99A05 /* Info.plist */,
			);
			path = AppleMusicDesing;
			sourceTree = "<group>";
		};
		2334B9692A863D6C00A99A05 /* CustomCell */ = {
			isa = PBXGroup;
			children = (
				2334B9752A865DEA00A99A05 /* FirstTableViewCell */,
				2334B9762A865E1200A99A05 /* SecondTableViewCell */,
				2334B9812A867BD300A99A05 /* ThirdTableViewCell */,
				2334B98A2A86C48700A99A05 /* FourthTableViewCell */,
				23A12B8A2A87FDFC00C6111D /* FifthTableViewCell */,
			);
			path = CustomCell;
			sourceTree = "<group>";
		};
		2334B9722A8643DB00A99A05 /* Entity */ = {
			isa = PBXGroup;
			children = (
				2334B9732A86440B00A99A05 /* FirstMusic.swift */,
				2334B97F2A86665400A99A05 /* Music.swift */,
			);
			path = Entity;
			sourceTree = "<group>";
		};
		2334B9752A865DEA00A99A05 /* FirstTableViewCell */ = {
			isa = PBXGroup;
			children = (
				2334B96E2A8641E600A99A05 /* TableViewCell.swift */,
				2334B96F2A8641E600A99A05 /* TableViewCell.xib */,
				2334B96A2A863DB400A99A05 /* FirstCollectionViewCell.swift */,
				2334B96B2A863DB400A99A05 /* FirstCollectionViewCell.xib */,
			);
			path = FirstTableViewCell;
			sourceTree = "<group>";
		};
		2334B9762A865E1200A99A05 /* SecondTableViewCell */ = {
			isa = PBXGroup;
			children = (
				2334B9772A865E4C00A99A05 /* SecondTableViewCell.swift */,
				2334B9782A865E4C00A99A05 /* SecondTableViewCell.xib */,
				2334B97B2A865E6200A99A05 /* SecondCollectionViewCell.swift */,
				2334B97C2A865E6200A99A05 /* SecondCollectionViewCell.xib */,
			);
			path = SecondTableViewCell;
			sourceTree = "<group>";
		};
		2334B9812A867BD300A99A05 /* ThirdTableViewCell */ = {
			isa = PBXGroup;
			children = (
				2334B9862A867C3000A99A05 /* ThirdTableViewCell.swift */,
				2334B9872A867C3000A99A05 /* ThirdTableViewCell.xib */,
				2334B9822A867C0900A99A05 /* ThirdCollectionViewCell.swift */,
				2334B9832A867C0900A99A05 /* ThirdCollectionViewCell.xib */,
			);
			path = ThirdTableViewCell;
			sourceTree = "<group>";
		};
		2334B98A2A86C48700A99A05 /* FourthTableViewCell */ = {
			isa = PBXGroup;
			children = (
				2334B98B2A86C4CD00A99A05 /* FourthTableViewCell.swift */,
				2334B98C2A86C4CD00A99A05 /* FourthTableViewCell.xib */,
				2334B98F2A86C4E400A99A05 /* FourthCollectionViewCell.swift */,
				2334B9902A86C4E400A99A05 /* FourthCollectionViewCell.xib */,
			);
			path = FourthTableViewCell;
			sourceTree = "<group>";
		};
		23A12B8A2A87FDFC00C6111D /* FifthTableViewCell */ = {
			isa = PBXGroup;
			children = (
				23A12B8B2A87FE2100C6111D /* FifthTableViewCell.swift */,
				23A12B8C2A87FE2100C6111D /* FifthTableViewCell.xib */,
				23A12B8F2A87FE3800C6111D /* FifthCollectionViewCell.swift */,
				23A12B902A87FE3800C6111D /* FifthCollectionViewCell.xib */,
			);
			path = FifthTableViewCell;
			sourceTree = "<group>";
		};
/* End PBXGroup section */

/* Begin PBXNativeTarget section */
		2334B9442A85042600A99A05 /* AppleMusicDesing */ = {
			isa = PBXNativeTarget;
			buildConfigurationList = 2334B9592A85042700A99A05 /* Build configuration list for PBXNativeTarget "AppleMusicDesing" */;
			buildPhases = (
				2334B9412A85042600A99A05 /* Sources */,
				2334B9422A85042600A99A05 /* Frameworks */,
				2334B9432A85042600A99A05 /* Resources */,
			);
			buildRules = (
			);
			dependencies = (
			);
			name = AppleMusicDesing;
			productName = AppleMusicDesing;
			productReference = 2334B9452A85042600A99A05 /* AppleMusicDesing.app */;
			productType = "com.apple.product-type.application";
		};
/* End PBXNativeTarget section */

/* Begin PBXProject section */
		2334B93D2A85042600A99A05 /* Project object */ = {
			isa = PBXProject;
			attributes = {
				BuildIndependentTargetsInParallel = 1;
				LastSwiftUpdateCheck = 1420;
				LastUpgradeCheck = 1420;
				TargetAttributes = {
					2334B9442A85042600A99A05 = {
						CreatedOnToolsVersion = 14.2;
					};
				};
			};
			buildConfigurationList = 2334B9402A85042600A99A05 /* Build configuration list for PBXProject "AppleMusicDesing" */;
			compatibilityVersion = "Xcode 14.0";
			developmentRegion = en;
			hasScannedForEncodings = 0;
			knownRegions = (
				en,
				Base,
			);
			mainGroup = 2334B93C2A85042600A99A05;
			productRefGroup = 2334B9462A85042600A99A05 /* Products */;
			projectDirPath = "";
			projectRoot = "";
			targets = (
				2334B9442A85042600A99A05 /* AppleMusicDesing */,
			);
		};
/* End PBXProject section */

/* Begin PBXResourcesBuildPhase section */
		2334B9432A85042600A99A05 /* Resources */ = {
			isa = PBXResourcesBuildPhase;
			buildActionMask = 2147483647;
			files = (
				2334B9552A85042700A99A05 /* LaunchScreen.storyboard in Resources */,
				2334B97E2A865E6200A99A05 /* SecondCollectionViewCell.xib in Resources */,
				2334B9892A867C3000A99A05 /* ThirdTableViewCell.xib in Resources */,
				23A12B922A87FE3800C6111D /* FifthCollectionViewCell.xib in Resources */,
				2334B98E2A86C4CD00A99A05 /* FourthTableViewCell.xib in Resources */,
				2334B97A2A865E4C00A99A05 /* SecondTableViewCell.xib in Resources */,
				2334B9A12A87BEEE00A99A05 /* Main.storyboard in Resources */,
				2334B9712A8641E600A99A05 /* TableViewCell.xib in Resources */,
				2334B96D2A863DB400A99A05 /* FirstCollectionViewCell.xib in Resources */,
				2334B9522A85042700A99A05 /* Assets.xcassets in Resources */,
				2334B9922A86C4E400A99A05 /* FourthCollectionViewCell.xib in Resources */,
				2334B9852A867C0900A99A05 /* ThirdCollectionViewCell.xib in Resources */,
				23A12B8E2A87FE2100C6111D /* FifthTableViewCell.xib in Resources */,
			);
			runOnlyForDeploymentPostprocessing = 0;
		};
/* End PBXResourcesBuildPhase section */

/* Begin PBXSourcesBuildPhase section */
		2334B9412A85042600A99A05 /* Sources */ = {
			isa = PBXSourcesBuildPhase;
			buildActionMask = 2147483647;
			files = (
				2334B9742A86440B00A99A05 /* FirstMusic.swift in Sources */,
				2334B9702A8641E600A99A05 /* TableViewCell.swift in Sources */,
				2334B9842A867C0900A99A05 /* ThirdCollectionViewCell.swift in Sources */,
				2334B9912A86C4E400A99A05 /* FourthCollectionViewCell.swift in Sources */,
				2334B9882A867C3000A99A05 /* ThirdTableViewCell.swift in Sources */,
				2334B94D2A85042600A99A05 /* ViewController.swift in Sources */,
				2334B96C2A863DB400A99A05 /* FirstCollectionViewCell.swift in Sources */,
				2334B97D2A865E6200A99A05 /* SecondCollectionViewCell.swift in Sources */,
				2334B9802A86665400A99A05 /* Music.swift in Sources */,
				2334B9492A85042600A99A05 /* AppDelegate.swift in Sources */,
				2334B9792A865E4C00A99A05 /* SecondTableViewCell.swift in Sources */,
				23A12B8D2A87FE2100C6111D /* FifthTableViewCell.swift in Sources */,
				2334B94B2A85042600A99A05 /* SceneDelegate.swift in Sources */,
				23A12B912A87FE3800C6111D /* FifthCollectionViewCell.swift in Sources */,
				2334B98D2A86C4CD00A99A05 /* FourthTableViewCell.swift in Sources */,
			);
			runOnlyForDeploymentPostprocessing = 0;
		};
/* End PBXSourcesBuildPhase section */

/* Begin PBXVariantGroup section */
		2334B9532A85042700A99A05 /* LaunchScreen.storyboard */ = {
			isa = PBXVariantGroup;
			children = (
				2334B9542A85042700A99A05 /* Base */,
			);
			name = LaunchScreen.storyboard;
			sourceTree = "<group>";
		};
/* End PBXVariantGroup section */

/* Begin XCBuildConfiguration section */
		2334B9572A85042700A99A05 /* Debug */ = {
			isa = XCBuildConfiguration;
			buildSettings = {
				ALWAYS_SEARCH_USER_PATHS = NO;
				CLANG_ANALYZER_NONNULL = YES;
				CLANG_ANALYZER_NUMBER_OBJECT_CONVERSION = YES_AGGRESSIVE;
				CLANG_CXX_LANGUAGE_STANDARD = "gnu++20";
				CLANG_ENABLE_MODULES = YES;
				CLANG_ENABLE_OBJC_ARC = YES;
				CLANG_ENABLE_OBJC_WEAK = YES;
				CLANG_WARN_BLOCK_CAPTURE_AUTORELEASING = YES;
				CLANG_WARN_BOOL_CONVERSION = YES;
				CLANG_WARN_COMMA = YES;
				CLANG_WARN_CONSTANT_CONVERSION = YES;
				CLANG_WARN_DEPRECATED_OBJC_IMPLEMENTATIONS = YES;
				CLANG_WARN_DIRECT_OBJC_ISA_USAGE = YES_ERROR;
				CLANG_WARN_DOCUMENTATION_COMMENTS = YES;
				CLANG_WARN_EMPTY_BODY = YES;
				CLANG_WARN_ENUM_CONVERSION = YES;
				CLANG_WARN_INFINITE_RECURSION = YES;
				CLANG_WARN_INT_CONVERSION = YES;
				CLANG_WARN_NON_LITERAL_NULL_CONVERSION = YES;
				CLANG_WARN_OBJC_IMPLICIT_RETAIN_SELF = YES;
				CLANG_WARN_OBJC_LITERAL_CONVERSION = YES;
				CLANG_WARN_OBJC_ROOT_CLASS = YES_ERROR;
				CLANG_WARN_QUOTED_INCLUDE_IN_FRAMEWORK_HEADER = YES;
				CLANG_WARN_RANGE_LOOP_ANALYSIS = YES;
				CLANG_WARN_STRICT_PROTOTYPES = YES;
				CLANG_WARN_SUSPICIOUS_MOVE = YES;
				CLANG_WARN_UNGUARDED_AVAILABILITY = YES_AGGRESSIVE;
				CLANG_WARN_UNREACHABLE_CODE = YES;
				CLANG_WARN__DUPLICATE_METHOD_MATCH = YES;
				COPY_PHASE_STRIP = NO;
				DEBUG_INFORMATION_FORMAT = dwarf;
				ENABLE_STRICT_OBJC_MSGSEND = YES;
				ENABLE_TESTABILITY = YES;
				GCC_C_LANGUAGE_STANDARD = gnu11;
				GCC_DYNAMIC_NO_PIC = NO;
				GCC_NO_COMMON_BLOCKS = YES;
				GCC_OPTIMIZATION_LEVEL = 0;
				GCC_PREPROCESSOR_DEFINITIONS = (
					"DEBUG=1",
					"$(inherited)",
				);
				GCC_WARN_64_TO_32_BIT_CONVERSION = YES;
				GCC_WARN_ABOUT_RETURN_TYPE = YES_ERROR;
				GCC_WARN_UNDECLARED_SELECTOR = YES;
				GCC_WARN_UNINITIALIZED_AUTOS = YES_AGGRESSIVE;
				GCC_WARN_UNUSED_FUNCTION = YES;
				GCC_WARN_UNUSED_VARIABLE = YES;
				IPHONEOS_DEPLOYMENT_TARGET = 16.2;
				MTL_ENABLE_DEBUG_INFO = INCLUDE_SOURCE;
				MTL_FAST_MATH = YES;
				ONLY_ACTIVE_ARCH = YES;
				SDKROOT = iphoneos;
				SWIFT_ACTIVE_COMPILATION_CONDITIONS = DEBUG;
				SWIFT_OPTIMIZATION_LEVEL = "-Onone";
			};
			name = Debug;
		};
		2334B9582A85042700A99A05 /* Release */ = {
			isa = XCBuildConfiguration;
			buildSettings = {
				ALWAYS_SEARCH_USER_PATHS = NO;
				CLANG_ANALYZER_NONNULL = YES;
				CLANG_ANALYZER_NUMBER_OBJECT_CONVERSION = YES_AGGRESSIVE;
				CLANG_CXX_LANGUAGE_STANDARD = "gnu++20";
				CLANG_ENABLE_MODULES = YES;
				CLANG_ENABLE_OBJC_ARC = YES;
				CLANG_ENABLE_OBJC_WEAK = YES;
				CLANG_WARN_BLOCK_CAPTURE_AUTORELEASING = YES;
				CLANG_WARN_BOOL_CONVERSION = YES;
				CLANG_WARN_COMMA = YES;
				CLANG_WARN_CONSTANT_CONVERSION = YES;
				CLANG_WARN_DEPRECATED_OBJC_IMPLEMENTATIONS = YES;
				CLANG_WARN_DIRECT_OBJC_ISA_USAGE = YES_ERROR;
				CLANG_WARN_DOCUMENTATION_COMMENTS = YES;
				CLANG_WARN_EMPTY_BODY = YES;
				CLANG_WARN_ENUM_CONVERSION = YES;
				CLANG_WARN_INFINITE_RECURSION = YES;
				CLANG_WARN_INT_CONVERSION = YES;
				CLANG_WARN_NON_LITERAL_NULL_CONVERSION = YES;
				CLANG_WARN_OBJC_IMPLICIT_RETAIN_SELF = YES;
				CLANG_WARN_OBJC_LITERAL_CONVERSION = YES;
				CLANG_WARN_OBJC_ROOT_CLASS = YES_ERROR;
				CLANG_WARN_QUOTED_INCLUDE_IN_FRAMEWORK_HEADER = YES;
				CLANG_WARN_RANGE_LOOP_ANALYSIS = YES;
				CLANG_WARN_STRICT_PROTOTYPES = YES;
				CLANG_WARN_SUSPICIOUS_MOVE = YES;
				CLANG_WARN_UNGUARDED_AVAILABILITY = YES_AGGRESSIVE;
				CLANG_WARN_UNREACHABLE_CODE = YES;
				CLANG_WARN__DUPLICATE_METHOD_MATCH = YES;
				COPY_PHASE_STRIP = NO;
				DEBUG_INFORMATION_FORMAT = "dwarf-with-dsym";
				ENABLE_NS_ASSERTIONS = NO;
				ENABLE_STRICT_OBJC_MSGSEND = YES;
				GCC_C_LANGUAGE_STANDARD = gnu11;
				GCC_NO_COMMON_BLOCKS = YES;
				GCC_WARN_64_TO_32_BIT_CONVERSION = YES;
				GCC_WARN_ABOUT_RETURN_TYPE = YES_ERROR;
				GCC_WARN_UNDECLARED_SELECTOR = YES;
				GCC_WARN_UNINITIALIZED_AUTOS = YES_AGGRESSIVE;
				GCC_WARN_UNUSED_FUNCTION = YES;
				GCC_WARN_UNUSED_VARIABLE = YES;
				IPHONEOS_DEPLOYMENT_TARGET = 16.2;
				MTL_ENABLE_DEBUG_INFO = NO;
				MTL_FAST_MATH = YES;
				SDKROOT = iphoneos;
				SWIFT_COMPILATION_MODE = wholemodule;
				SWIFT_OPTIMIZATION_LEVEL = "-O";
				VALIDATE_PRODUCT = YES;
			};
			name = Release;
		};
		2334B95A2A85042700A99A05 /* Debug */ = {
			isa = XCBuildConfiguration;
			buildSettings = {
				ASSETCATALOG_COMPILER_APPICON_NAME = AppIcon;
				ASSETCATALOG_COMPILER_GLOBAL_ACCENT_COLOR_NAME = AccentColor;
				CODE_SIGN_STYLE = Automatic;
				CURRENT_PROJECT_VERSION = 1;
				GENERATE_INFOPLIST_FILE = YES;
				INFOPLIST_FILE = AppleMusicDesing/Info.plist;
				INFOPLIST_KEY_UIApplicationSupportsIndirectInputEvents = YES;
				INFOPLIST_KEY_UILaunchStoryboardName = LaunchScreen;
				INFOPLIST_KEY_UIMainStoryboardFile = Main;
				INFOPLIST_KEY_UISupportedInterfaceOrientations_iPad = "UIInterfaceOrientationPortrait UIInterfaceOrientationPortraitUpsideDown UIInterfaceOrientationLandscapeLeft UIInterfaceOrientationLandscapeRight";
				INFOPLIST_KEY_UISupportedInterfaceOrientations_iPhone = "UIInterfaceOrientationPortrait UIInterfaceOrientationLandscapeLeft UIInterfaceOrientationLandscapeRight";
				LD_RUNPATH_SEARCH_PATHS = (
					"$(inherited)",
					"@executable_path/Frameworks",
				);
				MARKETING_VERSION = 1.0;
				PRODUCT_BUNDLE_IDENTIFIER = com.beyza.AppleMusicDesing;
				PRODUCT_NAME = "$(TARGET_NAME)";
				SWIFT_EMIT_LOC_STRINGS = YES;
				SWIFT_VERSION = 5.0;
				TARGETED_DEVICE_FAMILY = "1,2";
			};
			name = Debug;
		};
		2334B95B2A85042700A99A05 /* Release */ = {
			isa = XCBuildConfiguration;
			buildSettings = {
				ASSETCATALOG_COMPILER_APPICON_NAME = AppIcon;
				ASSETCATALOG_COMPILER_GLOBAL_ACCENT_COLOR_NAME = AccentColor;
				CODE_SIGN_STYLE = Automatic;
				CURRENT_PROJECT_VERSION = 1;
				GENERATE_INFOPLIST_FILE = YES;
				INFOPLIST_FILE = AppleMusicDesing/Info.plist;
				INFOPLIST_KEY_UIApplicationSupportsIndirectInputEvents = YES;
				INFOPLIST_KEY_UILaunchStoryboardName = LaunchScreen;
				INFOPLIST_KEY_UIMainStoryboardFile = Main;
				INFOPLIST_KEY_UISupportedInterfaceOrientations_iPad = "UIInterfaceOrientationPortrait UIInterfaceOrientationPortraitUpsideDown UIInterfaceOrientationLandscapeLeft UIInterfaceOrientationLandscapeRight";
				INFOPLIST_KEY_UISupportedInterfaceOrientations_iPhone = "UIInterfaceOrientationPortrait UIInterfaceOrientationLandscapeLeft UIInterfaceOrientationLandscapeRight";
				LD_RUNPATH_SEARCH_PATHS = (
					"$(inherited)",
					"@executable_path/Frameworks",
				);
				MARKETING_VERSION = 1.0;
				PRODUCT_BUNDLE_IDENTIFIER = com.beyza.AppleMusicDesing;
				PRODUCT_NAME = "$(TARGET_NAME)";
				SWIFT_EMIT_LOC_STRINGS = YES;
				SWIFT_VERSION = 5.0;
				TARGETED_DEVICE_FAMILY = "1,2";
			};
			name = Release;
		};
/* End XCBuildConfiguration section */

/* Begin XCConfigurationList section */
		2334B9402A85042600A99A05 /* Build configuration list for PBXProject "AppleMusicDesing" */ = {
			isa = XCConfigurationList;
			buildConfigurations = (
				2334B9572A85042700A99A05 /* Debug */,
				2334B9582A85042700A99A05 /* Release */,
			);
			defaultConfigurationIsVisible = 0;
			defaultConfigurationName = Release;
		};
		2334B9592A85042700A99A05 /* Build configuration list for PBXNativeTarget "AppleMusicDesing" */ = {
			isa = XCConfigurationList;
			buildConfigurations = (
				2334B95A2A85042700A99A05 /* Debug */,
				2334B95B2A85042700A99A05 /* Release */,
			);
			defaultConfigurationIsVisible = 0;
			defaultConfigurationName = Release;
		};
/* End XCConfigurationList section */
	};
	rootObject = 2334B93D2A85042600A99A05 /* Project object */;
}
